
Microsoft Visual Studio Solution File, Format Version 12.00
# Visual Studio Version 16
VisualStudioVersion = 16.0.29509.3
MinimumVisualStudioVersion = 10.0.40219.1
Project("{FAE04EC0-301F-11D3-BF4B-00C04F79EFBC}") = "PipeLineDemoConsole", "PipeLineDemoConsole\PipeLineDemoConsole.csproj", "{CD523570-4A90-433E-AD4E-2B801C171FFE}"
EndProject
Global
	GlobalSection(SolutionConfigurationPlatforms) = preSolution
		Debug|Any CPU = Debug|Any CPU
		Release|Any CPU = Release|Any CPU
	EndGlobalSection
	GlobalSection(ProjectConfigurationPlatforms) = postSolution
		{CD523570-4A90-433E-AD4E-2B801C171FFE}.Debug|Any CPU.ActiveCfg = Debug|Any CPU
		{CD523570-4A90-433E-AD4E-2B801C171FFE}.Debug|Any CPU.Build.0 = Debug|Any CPU
		{CD523570-4A90-433E-AD4E-2B801C171FFE}.Release|Any CPU.ActiveCfg = Release|Any CPU
		{CD523570-4A90-433E-AD4E-2B801C171FFE}.Release|Any CPU.Build.0 = Release|Any CPU
	EndGlobalSection
	GlobalSection(SolutionProperties) = preSolution
		HideSolutionNode = FALSE
	EndGlobalSection
	GlobalSection(ExtensibilityGlobals) = postSolution
		SolutionGuid = {54DD2EC1-EBB8-4246-9B3E-AA7DEB925DD1}
	EndGlobalSection
EndGlobal
